{
  "name": "ea_nws_website",
  "lockfileVersion": 2,
  "requires": true,
  "packages": {
    "": {
      "dependencies": {
        "hmrc-frontend": "^6.17.0"
      }
    },
    "node_modules/accessible-autocomplete": {
      "version": "2.0.4",
      "resolved": "https://registry.npmjs.org/accessible-autocomplete/-/accessible-autocomplete-2.0.4.tgz",
      "integrity": "sha512-2p0txrSpvs5wXFUeQJHMheDPTZVSEmiUHWlEPb7vJnv2Dd1xPfoLnBQQMfNbTSit2pL/9sSQYESuD2Yyohd4Yw==",
      "dependencies": {
        "preact": "^8.3.1"
      }
    },
    "node_modules/govuk-frontend": {
      "version": "5.4.0",
      "resolved": "https://registry.npmjs.org/govuk-frontend/-/govuk-frontend-5.4.0.tgz",
      "integrity": "sha512-F3YwQYrYQqIPfNxsoph6O78Ey1unCB6cy6omx8KeWY9G504lWZFBSIaiUCma1jNLw9bOUU7Ui+tXG09jjqy0Mw==",
      "engines": {
        "node": ">= 4.2.0"
      }
    },
    "node_modules/hmrc-frontend": {
      "version": "6.17.0",
      "resolved": "https://registry.npmjs.org/hmrc-frontend/-/hmrc-frontend-6.17.0.tgz",
      "integrity": "sha512-ITZPjvjgFF/KPBWzoaw/BVxolKRDiqiNdCLmEMcFzsxUMFN62Tf7+hZHupcjWjMWZrM2n3gm2gueyJV8YIRvGg==",
      "dependencies": {
        "accessible-autocomplete": "^2.0.4",
        "govuk-frontend": "^5.3.0"
      }
    },
    "node_modules/preact": {
      "version": "8.5.3",
      "resolved": "https://registry.npmjs.org/preact/-/preact-8.5.3.tgz",
      "integrity": "sha512-O3kKP+1YdgqHOFsZF2a9JVdtqD+RPzCQc3rP+Ualf7V6rmRDchZ9MJbiGTT7LuyqFKZqlHSOyO/oMFmI2lVTsw==",
      "hasInstallScript": true
    }
  },
  "dependencies": {
    "accessible-autocomplete": {
      "version": "2.0.4",
      "resolved": "https://registry.npmjs.org/accessible-autocomplete/-/accessible-autocomplete-2.0.4.tgz",
      "integrity": "sha512-2p0txrSpvs5wXFUeQJHMheDPTZVSEmiUHWlEPb7vJnv2Dd1xPfoLnBQQMfNbTSit2pL/9sSQYESuD2Yyohd4Yw==",
      "requires": {
        "preact": "^8.3.1"
      }
    },
    "govuk-frontend": {
      "version": "5.4.0",
      "resolved": "https://registry.npmjs.org/govuk-frontend/-/govuk-frontend-5.4.0.tgz",
      "integrity": "sha512-F3YwQYrYQqIPfNxsoph6O78Ey1unCB6cy6omx8KeWY9G504lWZFBSIaiUCma1jNLw9bOUU7Ui+tXG09jjqy0Mw=="
    },
    "hmrc-frontend": {
      "version": "6.17.0",
      "resolved": "https://registry.npmjs.org/hmrc-frontend/-/hmrc-frontend-6.17.0.tgz",
      "integrity": "sha512-ITZPjvjgFF/KPBWzoaw/BVxolKRDiqiNdCLmEMcFzsxUMFN62Tf7+hZHupcjWjMWZrM2n3gm2gueyJV8YIRvGg==",
      "requires": {
        "accessible-autocomplete": "^2.0.4",
        "govuk-frontend": "^5.3.0"
      }
    },
    "preact": {
      "version": "8.5.3",
      "resolved": "https://registry.npmjs.org/preact/-/preact-8.5.3.tgz",
      "integrity": "sha512-O3kKP+1YdgqHOFsZF2a9JVdtqD+RPzCQc3rP+Ualf7V6rmRDchZ9MJbiGTT7LuyqFKZqlHSOyO/oMFmI2lVTsw=="
    }
  }
}
